{
  "name": "com.openhak.devapp",
  "version": "1.0.0",
  "lockfileVersion": 1,
  "requires": true,
  "dependencies": {
    "cordova-android": {
      "version": "6.2.3",
      "resolved": "https://registry.npmjs.org/cordova-android/-/cordova-android-6.2.3.tgz",
      "integrity": "sha1-JJ8hts5fHxyEenq4OxaQnb7Vqig=",
      "requires": {
        "cordova-common": "2.0.2",
        "elementtree": "0.1.6",
        "nopt": "3.0.6",
        "properties-parser": "0.2.3",
        "q": "1.5.0",
        "shelljs": "0.5.3"
      },
      "dependencies": {
        "abbrev": {
          "version": "1.1.0",
          "bundled": true
        },
        "ansi": {
          "version": "0.3.1",
          "bundled": true
        },
        "balanced-match": {
          "version": "0.4.2",
          "bundled": true
        },
        "base64-js": {
          "version": "0.0.8",
          "bundled": true
        },
        "big-integer": {
          "version": "1.6.22",
          "bundled": true
        },
        "bplist-parser": {
          "version": "0.1.1",
          "bundled": true,
          "requires": {
            "big-integer": "1.6.22"
          }
        },
        "brace-expansion": {
          "version": "1.1.7",
          "bundled": true,
          "requires": {
            "balanced-match": "0.4.2",
            "concat-map": "0.0.1"
          }
        },
        "concat-map": {
          "version": "0.0.1",
          "bundled": true
        },
        "cordova-common": {
          "version": "2.0.2",
          "bundled": true,
          "requires": {
            "ansi": "0.3.1",
            "bplist-parser": "0.1.1",
            "cordova-registry-mapper": "1.1.15",
            "elementtree": "0.1.6",
            "glob": "5.0.15",
            "minimatch": "3.0.3",
            "osenv": "0.1.4",
            "plist": "1.2.0",
            "q": "1.5.0",
            "semver": "5.3.0",
            "shelljs": "0.5.3",
            "underscore": "1.8.3",
            "unorm": "1.4.1"
          }
        },
        "cordova-registry-mapper": {
          "version": "1.1.15",
          "bundled": true
        },
        "elementtree": {
          "version": "0.1.6",
          "bundled": true,
          "requires": {
            "sax": "0.3.5"
          }
        },
        "glob": {
          "version": "5.0.15",
          "bundled": true,
          "requires": {
            "inflight": "1.0.6",
            "inherits": "2.0.3",
            "minimatch": "3.0.3",
            "once": "1.4.0",
            "path-is-absolute": "1.0.1"
          }
        },
        "inflight": {
          "version": "1.0.6",
          "bundled": true,
          "requires": {
            "once": "1.4.0",
            "wrappy": "1.0.2"
          }
        },
        "inherits": {
          "version": "2.0.3",
          "bundled": true
        },
        "lodash": {
          "version": "3.10.1",
          "bundled": true
        },
        "minimatch": {
          "version": "3.0.3",
          "bundled": true,
          "requires": {
            "brace-expansion": "1.1.7"
          }
        },
        "nopt": {
          "version": "3.0.6",
          "bundled": true,
          "requires": {
            "abbrev": "1.1.0"
          }
        },
        "once": {
          "version": "1.4.0",
          "bundled": true,
          "requires": {
            "wrappy": "1.0.2"
          }
        },
        "os-homedir": {
          "version": "1.0.2",
          "bundled": true
        },
        "os-tmpdir": {
          "version": "1.0.2",
          "bundled": true
        },
        "osenv": {
          "version": "0.1.4",
          "bundled": true,
          "requires": {
            "os-homedir": "1.0.2",
            "os-tmpdir": "1.0.2"
          }
        },
        "path-is-absolute": {
          "version": "1.0.1",
          "bundled": true
        },
        "plist": {
          "version": "1.2.0",
          "bundled": true,
          "requires": {
            "base64-js": "0.0.8",
            "util-deprecate": "1.0.2",
            "xmlbuilder": "4.0.0",
            "xmldom": "0.1.27"
          }
        },
        "properties-parser": {
          "version": "0.2.3",
          "bundled": true
        },
        "q": {
          "version": "1.5.0",
          "bundled": true
        },
        "sax": {
          "version": "0.3.5",
          "bundled": true
        },
        "semver": {
          "version": "5.3.0",
          "bundled": true
        },
        "shelljs": {
          "version": "0.5.3",
          "bundled": true
        },
        "underscore": {
          "version": "1.8.3",
          "bundled": true
        },
        "unorm": {
          "version": "1.4.1",
          "bundled": true
        },
        "util-deprecate": {
          "version": "1.0.2",
          "bundled": true
        },
        "wrappy": {
          "version": "1.0.2",
          "bundled": true
        },
        "xmlbuilder": {
          "version": "4.0.0",
          "bundled": true,
          "requires": {
            "lodash": "3.10.1"
          }
        },
        "xmldom": {
          "version": "0.1.27",
          "bundled": true
        }
      }
    },
    "cordova-ios": {
      "version": "4.0.1",
      "resolved": "https://registry.npmjs.org/cordova-ios/-/cordova-ios-4.0.1.tgz",
      "integrity": "sha1-wReezRqPkrvxdVXbPJlQIxiz+0I="
    },
    "cordova-plugin-app-event": {
      "version": "1.2.1",
      "resolved": "https://registry.npmjs.org/cordova-plugin-app-event/-/cordova-plugin-app-event-1.2.1.tgz",
      "integrity": "sha1-DuuxQTKqQ7suXAgamr29l8otgTI="
    },
    "cordova-plugin-battery-status": {
      "version": "1.2.4",
      "resolved": "https://registry.npmjs.org/cordova-plugin-battery-status/-/cordova-plugin-battery-status-1.2.4.tgz",
      "integrity": "sha1-c6V2r8CmGp3Smv93ZZB+ysDJ8fk="
    },
    "cordova-plugin-ble": {
      "version": "2.0.1",
      "resolved": "https://registry.npmjs.org/cordova-plugin-ble/-/cordova-plugin-ble-2.0.1.tgz",
      "integrity": "sha1-uuOqVsAh4mbLDaqCMjhUrRq4+MY="
    },
    "cordova-plugin-camera": {
      "version": "2.4.1",
      "resolved": "https://registry.npmjs.org/cordova-plugin-camera/-/cordova-plugin-camera-2.4.1.tgz",
      "integrity": "sha1-GV404S22TxxJ52T31OPyYao9lME="
    },
    "cordova-plugin-chrome-apps-common": {
      "version": "1.0.7",
      "resolved": "https://registry.npmjs.org/cordova-plugin-chrome-apps-common/-/cordova-plugin-chrome-apps-common-1.0.7.tgz",
      "integrity": "sha1-MAMZtZx53FUik/g6IzLPKDsQkIo="
    },
    "cordova-plugin-chrome-apps-iossocketscommon": {
      "version": "1.0.2",
      "resolved": "https://registry.npmjs.org/cordova-plugin-chrome-apps-iossocketscommon/-/cordova-plugin-chrome-apps-iossocketscommon-1.0.2.tgz",
      "integrity": "sha1-fWtzkIBL2y84MQH0cafCcxkYwR4="
    },
    "cordova-plugin-chrome-apps-sockets-tcp": {
      "version": "1.3.7",
      "resolved": "https://registry.npmjs.org/cordova-plugin-chrome-apps-sockets-tcp/-/cordova-plugin-chrome-apps-sockets-tcp-1.3.7.tgz",
      "integrity": "sha1-H6Mjs2LgOVKzycaN2Lj2z17uVaw="
    },
    "cordova-plugin-chrome-apps-sockets-tcpserver": {
      "version": "1.2.4",
      "resolved": "https://registry.npmjs.org/cordova-plugin-chrome-apps-sockets-tcpserver/-/cordova-plugin-chrome-apps-sockets-tcpserver-1.2.4.tgz",
      "integrity": "sha1-KdNL+/CCbr0oEsNcjpJd1Y4M2Oo="
    },
    "cordova-plugin-chrome-apps-sockets-udp": {
      "version": "1.3.0",
      "resolved": "https://registry.npmjs.org/cordova-plugin-chrome-apps-sockets-udp/-/cordova-plugin-chrome-apps-sockets-udp-1.3.0.tgz",
      "integrity": "sha1-WC55D6t7IzRpVMcT8XfL5KPUDv8="
    },
    "cordova-plugin-chrome-apps-system-network": {
      "version": "1.1.2",
      "resolved": "https://registry.npmjs.org/cordova-plugin-chrome-apps-system-network/-/cordova-plugin-chrome-apps-system-network-1.1.2.tgz",
      "integrity": "sha1-hApTwyZ0rd1HWLIAPd95PWraLqQ="
    },
    "cordova-plugin-compat": {
      "version": "1.2.0",
      "resolved": "https://registry.npmjs.org/cordova-plugin-compat/-/cordova-plugin-compat-1.2.0.tgz",
      "integrity": "sha1-C8ZXVyduvZIMASzpIOJ0F3V2Nz4="
    },
    "cordova-plugin-console": {
      "version": "1.1.0",
      "resolved": "https://registry.npmjs.org/cordova-plugin-console/-/cordova-plugin-console-1.1.0.tgz",
      "integrity": "sha1-4vusECkBeeRMtyxf28QQpTHBzW0="
    },
    "cordova-plugin-device": {
      "version": "1.1.6",
      "resolved": "https://registry.npmjs.org/cordova-plugin-device/-/cordova-plugin-device-1.1.6.tgz",
      "integrity": "sha1-LSF2TK18m4AVI+TgmjDgJLJJM0s="
    },
    "cordova-plugin-device-motion": {
      "version": "1.2.5",
      "resolved": "https://registry.npmjs.org/cordova-plugin-device-motion/-/cordova-plugin-device-motion-1.2.5.tgz",
      "integrity": "sha1-e1jt2dVQ3wpvua76tVuW1UkLGlY="
    },
    "cordova-plugin-device-orientation": {
      "version": "1.0.7",
      "resolved": "https://registry.npmjs.org/cordova-plugin-device-orientation/-/cordova-plugin-device-orientation-1.0.7.tgz",
      "integrity": "sha1-rIx5i+jtsOVbYf7GjtqQk+SGvws="
    },
    "cordova-plugin-dialogs": {
      "version": "1.3.3",
      "resolved": "https://registry.npmjs.org/cordova-plugin-dialogs/-/cordova-plugin-dialogs-1.3.3.tgz",
      "integrity": "sha1-Uy/y61yGEzpYeFUNrlnHarOX+Mk="
    },
    "cordova-plugin-file": {
      "version": "4.3.3",
      "resolved": "https://registry.npmjs.org/cordova-plugin-file/-/cordova-plugin-file-4.3.3.tgz",
      "integrity": "sha1-AS6Xqhr7kfhJFuY0G1SDZtI96bk="
    },
    "cordova-plugin-geolocation": {
      "version": "2.4.3",
      "resolved": "https://registry.npmjs.org/cordova-plugin-geolocation/-/cordova-plugin-geolocation-2.4.3.tgz",
      "integrity": "sha1-HdAAI9Hxos4zD4dn7Qj3tzj+cYQ="
    },
    "cordova-plugin-inappbrowser": {
      "version": "1.7.1",
      "resolved": "https://registry.npmjs.org/cordova-plugin-inappbrowser/-/cordova-plugin-inappbrowser-1.7.1.tgz",
      "integrity": "sha1-Q1tD9ZH+e/qV6pjb4ABIQf5ZulE="
    },
    "cordova-plugin-network-information": {
      "version": "1.3.3",
      "resolved": "https://registry.npmjs.org/cordova-plugin-network-information/-/cordova-plugin-network-information-1.3.3.tgz",
      "integrity": "sha1-DqmqXBEkz3y9b4T4KKVCy9JKhRg="
    },
    "cordova-plugin-statusbar": {
      "version": "2.2.3",
      "resolved": "https://registry.npmjs.org/cordova-plugin-statusbar/-/cordova-plugin-statusbar-2.2.3.tgz",
      "integrity": "sha1-UcXgKtQzvr0LDcl3pEbrkd/uFQI="
    },
    "cordova-plugin-vibration": {
      "version": "2.1.5",
      "resolved": "https://registry.npmjs.org/cordova-plugin-vibration/-/cordova-plugin-vibration-2.1.5.tgz",
      "integrity": "sha1-SFNTov385xsOSAnD9Vdx+Po+BiM="
    },
    "cordova-plugin-whitelist": {
      "version": "1.3.2",
      "resolved": "https://registry.npmjs.org/cordova-plugin-whitelist/-/cordova-plugin-whitelist-1.3.2.tgz",
      "integrity": "sha1-W2M1/rn1MB88ATuQlsuIhb29UHY="
    },
    "de.appplant.cordova.plugin.local-notification": {
      "version": "0.8.5",
      "resolved": "https://registry.npmjs.org/de.appplant.cordova.plugin.local-notification/-/de.appplant.cordova.plugin.local-notification-0.8.5.tgz",
      "integrity": "sha1-4MaobqUqxPQdumdSHZGlippCo70=",
      "requires": {
        "cordova-plugin-app-event": "1.2.1",
        "cordova-plugin-device": "1.1.6"
      }
    }
  }
}
