// !$*UTF8*$!
{
	archiveVersion = 1;
	classes = {
	};
	objectVersion = 46;
	objects = {
/* Begin PBXBuildFile section */
		0207DA581B56EA530066E2B4 /* Images.xcassets in Resources */ = {isa = PBXBuildFile; fileRef = 0207DA571B56EA530066E2B4 /* Images.xcassets */; };
		1D3623260D0F684500981E51 /* AppDelegate.m in Sources */ = {isa = PBXBuildFile; fileRef = 1D3623250D0F684500981E51 /* AppDelegate.m */; };
		1D60589B0D05DD56006BFB54 /* main.m in Sources */ = {isa = PBXBuildFile; fileRef = 29B97316FDCFA39411CA2CEA /* main.m */; };
		301BF552109A68D80062928A /* libCordova.a in Frameworks */ = {isa = PBXBuildFile; fileRef = 301BF535109A57CC0062928A /* libCordova.a */; settings = {ATTRIBUTES = (Required, ); }; };
		302D95F114D2391D003F00A1 /* MainViewController.m in Sources */ = {isa = PBXBuildFile; fileRef = 302D95EF14D2391D003F00A1 /* MainViewController.m */; };
		302D95F214D2391D003F00A1 /* MainViewController.xib in Resources */ = {isa = PBXBuildFile; fileRef = 302D95F014D2391D003F00A1 /* MainViewController.xib */; };
		6AFF5BF91D6E424B00AB3073 /* CDVLaunchScreen.storyboard in Resources */ = {isa = PBXBuildFile; fileRef = 6AFF5BF81D6E424B00AB3073 /* CDVLaunchScreen.storyboard */; };
		E591C32B57BC4BDE8AF0825E /* CDVBattery.m in Sources */ = {isa = PBXBuildFile; fileRef = B1FA5A820EC54363BCAF3300 /* CDVBattery.m */; };
		35F1DFED791349C19EDB461B /* EVOBLE.m in Sources */ = {isa = PBXBuildFile; fileRef = E8AB391EBB7C4A1AB212104E /* EVOBLE.m */; };
		2C04939688384740B4F5A77A /* CoreBluetooth.framework in Frameworks */ = {isa = PBXBuildFile; fileRef = 9106A846957F4459A9FC07AA /* CoreBluetooth.framework */; };
		1642892993DF430BA0D95276 /* UIImage+CropScaleOrientation.m in Sources */ = {isa = PBXBuildFile; fileRef = 7DF541F3046342ADB0321E9E /* UIImage+CropScaleOrientation.m */; };
		FD9C93054CA64965B46F61FD /* CDVCamera.m in Sources */ = {isa = PBXBuildFile; fileRef = 21B35783666141ACA145B6BF /* CDVCamera.m */; };
		9B579D2EA1EE44B98AA16402 /* CDVJpegHeaderWriter.m in Sources */ = {isa = PBXBuildFile; fileRef = 05E9A854DDB545D3BB69F5DF /* CDVJpegHeaderWriter.m */; };
		9607B9175098444183F88CD4 /* ImageIO.framework in Frameworks */ = {isa = PBXBuildFile; fileRef = 53A41A0050494987A30BDDB9 /* ImageIO.framework */; settings = {ATTRIBUTES = (Weak, ); }; };
		F78341A82D7F49FC93DC5C1C /* CoreLocation.framework in Frameworks */ = {isa = PBXBuildFile; fileRef = 3C11C244C77C41EF874284F3 /* CoreLocation.framework */; };
		07EB48D0CDEB443BBAFDCE34 /* AVFoundation.framework in Frameworks */ = {isa = PBXBuildFile; fileRef = 724AB9FBF17B4CB08865E1AA /* AVFoundation.framework */; };
		CF36AE9FA20943779F140D16 /* GCDAsyncSocket.m in Sources */ = {isa = PBXBuildFile; fileRef = 263E347A96A747DBA499798C /* GCDAsyncSocket.m */; };
		14B7D425931D4900872C8142 /* GCDAsyncUdpSocket.m in Sources */ = {isa = PBXBuildFile; fileRef = 573D35E779FE4BA786EC1F6C /* GCDAsyncUdpSocket.m */; };
		DDF7C1229CFD416CB51BA25E /* Security.framework in Frameworks */ = {isa = PBXBuildFile; fileRef = A27307D413F143BD814E28CC /* Security.framework */; };
		6E4CFA9D178F489CB26DD559 /* CFNetwork.framework in Frameworks */ = {isa = PBXBuildFile; fileRef = ECB82E091BD249B8B1262B8C /* CFNetwork.framework */; };
		D9F28BBF20AE4C47B187ADD2 /* ChromeSocketsTcp.m in Sources */ = {isa = PBXBuildFile; fileRef = 267029E7048440A5B93F54BE /* ChromeSocketsTcp.m */; };
		7BF73D55EF3A4762BB680DD7 /* ChromeSocketsTcpServer.m in Sources */ = {isa = PBXBuildFile; fileRef = F58BDD11F1A74B898C1C5A35 /* ChromeSocketsTcpServer.m */; };
		9DD6CB3BFDB64031B945CEAC /* ChromeSocketsUdp.m in Sources */ = {isa = PBXBuildFile; fileRef = B0833B4411EB46DA9062C0CF /* ChromeSocketsUdp.m */; };
		F2A3D28F59C84A1B9F68271D /* ChromeSystemNetwork.m in Sources */ = {isa = PBXBuildFile; fileRef = BCA3E70C0EBC4F69A471F076 /* ChromeSystemNetwork.m */; };
		F724D24BE2B343598E4C9462 /* CDVDevice.m in Sources */ = {isa = PBXBuildFile; fileRef = 39179E04C53644488832B9AE /* CDVDevice.m */; };
		E09019E808084153B5331B8E /* libz.tbd in Frameworks */ = {isa = PBXBuildFile; fileRef = F90647ECD4D044A08FA473AA /* libz.tbd */; };
		2B13FC5A517C467799602296 /* CDVAccelerometer.m in Sources */ = {isa = PBXBuildFile; fileRef = 5D0F2E0B7C544B2C83583221 /* CDVAccelerometer.m */; };
		EF30350D4D0A4B5BB6FA9AA9 /* CoreMotion.framework in Frameworks */ = {isa = PBXBuildFile; fileRef = 1F72FF1A155A4EB99ACB11B0 /* CoreMotion.framework */; };
		29C6ADFF9B95491F85337788 /* CDVCompass.m in Sources */ = {isa = PBXBuildFile; fileRef = 839DA75F8F66409B8CD51416 /* CDVCompass.m */; };
		61FE5674603F4428B795FD80 /* CDVNotification.m in Sources */ = {isa = PBXBuildFile; fileRef = 0AB6119E8870424E9664A97D /* CDVNotification.m */; };
		A7F9B3F0E1C546EC83555567 /* CDVNotification.bundle in Resources */ = {isa = PBXBuildFile; fileRef = 9D4A87EC1BE34495975170AB /* CDVNotification.bundle */; };
		3F7A736D29FC4967B5F98BD4 /* AudioToolbox.framework in Frameworks */ = {isa = PBXBuildFile; fileRef = BB2F651BDAA5488581CFB8A1 /* AudioToolbox.framework */; settings = {ATTRIBUTES = (Weak, ); }; };
		2C6B369736994FDC9AF584B9 /* CDVFile.m in Sources */ = {isa = PBXBuildFile; fileRef = 396C53DAB611478A89C5214F /* CDVFile.m */; };
		46821E0505DE4EBE979D21B6 /* CDVLocalFilesystem.m in Sources */ = {isa = PBXBuildFile; fileRef = F2D729CE0F9F4BEEA658E9A0 /* CDVLocalFilesystem.m */; };
		AD74019888B04154A1A23510 /* CDVAssetLibraryFilesystem.m in Sources */ = {isa = PBXBuildFile; fileRef = FBE8E9C59EB842AF9148D6EE /* CDVAssetLibraryFilesystem.m */; };
		F1F4A43CE1B5426DA459C9CD /* CDVLocation.m in Sources */ = {isa = PBXBuildFile; fileRef = 26D51D9848D840B496953D2A /* CDVLocation.m */; };
		1A6E6C7F0B0749509496A2A4 /* CDVInAppBrowser.m in Sources */ = {isa = PBXBuildFile; fileRef = FCEB9537796240BF9EE1E033 /* CDVInAppBrowser.m */; };
		442C3B1DBFB64F8F9E0572DA /* CDVConnection.m in Sources */ = {isa = PBXBuildFile; fileRef = 8DBC0BC6228A461A83EB4A49 /* CDVConnection.m */; };
		3E7020C63DF045EE80540D06 /* CDVReachability.m in Sources */ = {isa = PBXBuildFile; fileRef = F380A026B8CE48CAB4EC8AF2 /* CDVReachability.m */; };
		81433B42441A4B589853BCE6 /* SystemConfiguration.framework in Frameworks */ = {isa = PBXBuildFile; fileRef = 6CBD4CCAE4B349BCBDA718B6 /* SystemConfiguration.framework */; settings = {ATTRIBUTES = (Weak, ); }; };
		5B54ED948BBD40B5A347EE62 /* CoreTelephony.framework in Frameworks */ = {isa = PBXBuildFile; fileRef = EA2F3F4835454C6EAC42CE15 /* CoreTelephony.framework */; };
		92B2AA0AE2E24B98968F5D68 /* CDVStatusBar.m in Sources */ = {isa = PBXBuildFile; fileRef = 9FDEB37661854C99A1C8E957 /* CDVStatusBar.m */; };
		35945303376749A28AE75E64 /* CDVVibration.m in Sources */ = {isa = PBXBuildFile; fileRef = 24927480AE0F47D7B6074850 /* CDVVibration.m */; };
/* End PBXBuildFile section */

/* Begin PBXContainerItemProxy section */
		301BF534109A57CC0062928A /* PBXContainerItemProxy */ = {
			isa = PBXContainerItemProxy;
			containerPortal = 301BF52D109A57CC0062928A /* CordovaLib.xcodeproj */;
			proxyType = 2;
			remoteGlobalIDString = D2AAC07E0554694100DB518D;
			remoteInfo = CordovaLib;
		};
		301BF550109A68C00062928A /* PBXContainerItemProxy */ = {
			isa = PBXContainerItemProxy;
			containerPortal = 301BF52D109A57CC0062928A /* CordovaLib.xcodeproj */;
			proxyType = 1;
			remoteGlobalIDString = D2AAC07D0554694100DB518D;
			remoteInfo = CordovaLib;
		};
		907D8123214C687600058A10 /* PBXContainerItemProxy */ = {
			isa = PBXContainerItemProxy;
			containerPortal = 301BF52D109A57CC0062928A /* CordovaLib.xcodeproj */;
			proxyType = 2;
			remoteGlobalIDString = C0C01EB21E3911D50056E6CB;
			remoteInfo = Cordova;
		};
/* End PBXContainerItemProxy section */

/* Begin PBXFileReference section */
		0207DA571B56EA530066E2B4 /* Images.xcassets */ = {isa = PBXFileReference; lastKnownFileType = folder.assetcatalog; name = Images.xcassets; path = "ohakdev/Images.xcassets"; sourceTree = SOURCE_ROOT; };
		1D3623240D0F684500981E51 /* AppDelegate.h */ = {isa = PBXFileReference; fileEncoding = 4; lastKnownFileType = sourcecode.c.h; path = AppDelegate.h; sourceTree = "<group>"; };
		1D3623250D0F684500981E51 /* AppDelegate.m */ = {isa = PBXFileReference; fileEncoding = 4; lastKnownFileType = sourcecode.c.objc; path = AppDelegate.m; sourceTree = "<group>"; };
		1D6058910D05DD3D006BFB54 /* ohakdev.app */ = {isa = PBXFileReference; explicitFileType = wrapper.application; includeInIndex = 0; path = "ohakdev.app"; sourceTree = BUILT_PRODUCTS_DIR; };
		29B97316FDCFA39411CA2CEA /* main.m */ = {isa = PBXFileReference; fileEncoding = 4; lastKnownFileType = sourcecode.c.objc; path = main.m; sourceTree = "<group>"; };
		301BF52D109A57CC0062928A /* CordovaLib.xcodeproj */ = {isa = PBXFileReference; lastKnownFileType = "wrapper.pb-project"; path = CordovaLib/CordovaLib.xcodeproj; sourceTree = "<group>"; };
		301BF56E109A69640062928A /* www */ = {isa = PBXFileReference; lastKnownFileType = folder; path = www; sourceTree = SOURCE_ROOT; };
		302D95EE14D2391D003F00A1 /* MainViewController.h */ = {isa = PBXFileReference; fileEncoding = 4; lastKnownFileType = sourcecode.c.h; path = MainViewController.h; sourceTree = "<group>"; };
		302D95EF14D2391D003F00A1 /* MainViewController.m */ = {isa = PBXFileReference; fileEncoding = 4; lastKnownFileType = sourcecode.c.objc; path = MainViewController.m; sourceTree = "<group>"; };
		302D95F014D2391D003F00A1 /* MainViewController.xib */ = {isa = PBXFileReference; fileEncoding = 4; lastKnownFileType = file.xib; path = MainViewController.xib; sourceTree = "<group>"; };
		3047A50F1AB8059700498E2A /* build-debug.xcconfig */ = {isa = PBXFileReference; fileEncoding = 4; lastKnownFileType = text.xcconfig; name = "build-debug.xcconfig"; path = "cordova/build-debug.xcconfig"; sourceTree = SOURCE_ROOT; };
		3047A5101AB8059700498E2A /* build-release.xcconfig */ = {isa = PBXFileReference; fileEncoding = 4; lastKnownFileType = text.xcconfig; name = "build-release.xcconfig"; path = "cordova/build-release.xcconfig"; sourceTree = SOURCE_ROOT; };
		3047A5111AB8059700498E2A /* build.xcconfig */ = {isa = PBXFileReference; fileEncoding = 4; lastKnownFileType = text.xcconfig; name = build.xcconfig; path = cordova/build.xcconfig; sourceTree = SOURCE_ROOT; };
		32CA4F630368D1EE00C91783 /* ohakdev-Prefix.pch */ = {isa = PBXFileReference; fileEncoding = 4; lastKnownFileType = sourcecode.c.h; path = "ohakdev-Prefix.pch"; sourceTree = "<group>"; };
		6AFF5BF81D6E424B00AB3073 /* CDVLaunchScreen.storyboard */ = {isa = PBXFileReference; fileEncoding = 4; lastKnownFileType = file.storyboard; name = CDVLaunchScreen.storyboard; path = "ohakdev/CDVLaunchScreen.storyboard"; sourceTree = SOURCE_ROOT; };
		8D1107310486CEB800E47090 /* ohakdev-Info.plist */ = {isa = PBXFileReference; fileEncoding = 4; lastKnownFileType = text.plist.xml; name = "ohakdev-Info.plist"; path = "ohakdev/ohakdev-Info.plist"; plistStructureDefinitionIdentifier = "com.apple.xcode.plist.structure-definition.iphone.info-plist"; sourceTree = SOURCE_ROOT; };
		EB87FDF31871DA8E0020F90C /* www */ = {isa = PBXFileReference; lastKnownFileType = folder; name = www; path = ../../www; sourceTree = "<group>"; };
		EB87FDF41871DAF40020F90C /* config.xml */ = {isa = PBXFileReference; lastKnownFileType = text.xml; name = config.xml; path = ../../config.xml; sourceTree = "<group>"; };
		ED33DF2A687741AEAF9F8254 /* Bridging-Header.h */ = {isa = PBXFileReference; fileEncoding = 4; lastKnownFileType = sourcecode.c.h; name = "Bridging-Header.h"; path = "Bridging-Header.h"; sourceTree = "<group>"; };
		F840E1F0165FE0F500CFE078 /* config.xml */ = {isa = PBXFileReference; lastKnownFileType = text.xml; name = config.xml; path = "ohakdev/config.xml"; sourceTree = "<group>"; };
		B1FA5A820EC54363BCAF3300 /* CDVBattery.m */ = {isa = PBXFileReference; name = "CDVBattery.m"; path = "cordova-plugin-battery-status/CDVBattery.m"; sourceTree = "<group>"; fileEncoding = 4; lastKnownFileType = sourcecode.c.objc; explicitFileType = undefined; includeInIndex = 0; };
		A871479B5F5347D68262CB32 /* CDVBattery.h */ = {isa = PBXFileReference; name = "CDVBattery.h"; path = "cordova-plugin-battery-status/CDVBattery.h"; sourceTree = "<group>"; fileEncoding = 4; lastKnownFileType = sourcecode.c.h; explicitFileType = undefined; includeInIndex = 0; };
		E8AB391EBB7C4A1AB212104E /* EVOBLE.m */ = {isa = PBXFileReference; name = "EVOBLE.m"; path = "cordova-plugin-ble/EVOBLE.m"; sourceTree = "<group>"; fileEncoding = 4; lastKnownFileType = sourcecode.c.objc; explicitFileType = undefined; includeInIndex = 0; };
		04B26062D503422FAA68663F /* EVOBLE.h */ = {isa = PBXFileReference; name = "EVOBLE.h"; path = "cordova-plugin-ble/EVOBLE.h"; sourceTree = "<group>"; fileEncoding = 4; lastKnownFileType = sourcecode.c.h; explicitFileType = undefined; includeInIndex = 0; };
		9106A846957F4459A9FC07AA /* CoreBluetooth.framework */ = {isa = PBXFileReference; name = "CoreBluetooth.framework"; path = "System/Library/Frameworks/CoreBluetooth.framework"; sourceTree = SDKROOT; fileEncoding = undefined; lastKnownFileType = wrapper.framework; explicitFileType = undefined; includeInIndex = 0; };
		7DF541F3046342ADB0321E9E /* UIImage+CropScaleOrientation.m */ = {isa = PBXFileReference; name = "UIImage+CropScaleOrientation.m"; path = "cordova-plugin-camera/UIImage+CropScaleOrientation.m"; sourceTree = "<group>"; fileEncoding = 4; lastKnownFileType = sourcecode.c.objc; explicitFileType = undefined; includeInIndex = 0; };
		21B35783666141ACA145B6BF /* CDVCamera.m */ = {isa = PBXFileReference; name = "CDVCamera.m"; path = "cordova-plugin-camera/CDVCamera.m"; sourceTree = "<group>"; fileEncoding = 4; lastKnownFileType = sourcecode.c.objc; explicitFileType = undefined; includeInIndex = 0; };
		05E9A854DDB545D3BB69F5DF /* CDVJpegHeaderWriter.m */ = {isa = PBXFileReference; name = "CDVJpegHeaderWriter.m"; path = "cordova-plugin-camera/CDVJpegHeaderWriter.m"; sourceTree = "<group>"; fileEncoding = 4; lastKnownFileType = sourcecode.c.objc; explicitFileType = undefined; includeInIndex = 0; };
		2BDD68BDE153428DBD668E0C /* UIImage+CropScaleOrientation.h */ = {isa = PBXFileReference; name = "UIImage+CropScaleOrientation.h"; path = "cordova-plugin-camera/UIImage+CropScaleOrientation.h"; sourceTree = "<group>"; fileEncoding = 4; lastKnownFileType = sourcecode.c.h; explicitFileType = undefined; includeInIndex = 0; };
		6BEE27C704C9405DB800E18B /* CDVCamera.h */ = {isa = PBXFileReference; name = "CDVCamera.h"; path = "cordova-plugin-camera/CDVCamera.h"; sourceTree = "<group>"; fileEncoding = 4; lastKnownFileType = sourcecode.c.h; explicitFileType = undefined; includeInIndex = 0; };
		F9E30BEF7F224AD78E09D78D /* CDVJpegHeaderWriter.h */ = {isa = PBXFileReference; name = "CDVJpegHeaderWriter.h"; path = "cordova-plugin-camera/CDVJpegHeaderWriter.h"; sourceTree = "<group>"; fileEncoding = 4; lastKnownFileType = sourcecode.c.h; explicitFileType = undefined; includeInIndex = 0; };
		44C9569CC0D9423991C5B630 /* CDVExif.h */ = {isa = PBXFileReference; name = "CDVExif.h"; path = "cordova-plugin-camera/CDVExif.h"; sourceTree = "<group>"; fileEncoding = 4; lastKnownFileType = sourcecode.c.h; explicitFileType = undefined; includeInIndex = 0; };
		53A41A0050494987A30BDDB9 /* ImageIO.framework */ = {isa = PBXFileReference; name = "ImageIO.framework"; path = "System/Library/Frameworks/ImageIO.framework"; sourceTree = SDKROOT; fileEncoding = undefined; lastKnownFileType = wrapper.framework; explicitFileType = undefined; includeInIndex = 0; };
		3C11C244C77C41EF874284F3 /* CoreLocation.framework */ = {isa = PBXFileReference; name = "CoreLocation.framework"; path = "System/Library/Frameworks/CoreLocation.framework"; sourceTree = SDKROOT; fileEncoding = undefined; lastKnownFileType = wrapper.framework; explicitFileType = undefined; includeInIndex = 0; };
		724AB9FBF17B4CB08865E1AA /* AVFoundation.framework */ = {isa = PBXFileReference; name = "AVFoundation.framework"; path = "System/Library/Frameworks/AVFoundation.framework"; sourceTree = SDKROOT; fileEncoding = undefined; lastKnownFileType = wrapper.framework; explicitFileType = undefined; includeInIndex = 0; };
		263E347A96A747DBA499798C /* GCDAsyncSocket.m */ = {isa = PBXFileReference; name = "GCDAsyncSocket.m"; path = "cordova-plugin-chrome-apps-iossocketscommon/GCDAsyncSocket.m"; sourceTree = "<group>"; fileEncoding = 4; lastKnownFileType = sourcecode.c.objc; explicitFileType = undefined; includeInIndex = 0; };
		573D35E779FE4BA786EC1F6C /* GCDAsyncUdpSocket.m */ = {isa = PBXFileReference; name = "GCDAsyncUdpSocket.m"; path = "cordova-plugin-chrome-apps-iossocketscommon/GCDAsyncUdpSocket.m"; sourceTree = "<group>"; fileEncoding = 4; lastKnownFileType = sourcecode.c.objc; explicitFileType = undefined; includeInIndex = 0; };
		9D28A22DE2084EF0BE811732 /* GCDAsyncSocket.h */ = {isa = PBXFileReference; name = "GCDAsyncSocket.h"; path = "cordova-plugin-chrome-apps-iossocketscommon/GCDAsyncSocket.h"; sourceTree = "<group>"; fileEncoding = 4; lastKnownFileType = sourcecode.c.h; explicitFileType = undefined; includeInIndex = 0; };
		D0835796A77E4F148977A942 /* GCDAsyncUdpSocket.h */ = {isa = PBXFileReference; name = "GCDAsyncUdpSocket.h"; path = "cordova-plugin-chrome-apps-iossocketscommon/GCDAsyncUdpSocket.h"; sourceTree = "<group>"; fileEncoding = 4; lastKnownFileType = sourcecode.c.h; explicitFileType = undefined; includeInIndex = 0; };
		A27307D413F143BD814E28CC /* Security.framework */ = {isa = PBXFileReference; name = "Security.framework"; path = "System/Library/Frameworks/Security.framework"; sourceTree = SDKROOT; fileEncoding = undefined; lastKnownFileType = wrapper.framework; explicitFileType = undefined; includeInIndex = 0; };
		ECB82E091BD249B8B1262B8C /* CFNetwork.framework */ = {isa = PBXFileReference; name = "CFNetwork.framework"; path = "System/Library/Frameworks/CFNetwork.framework"; sourceTree = SDKROOT; fileEncoding = undefined; lastKnownFileType = wrapper.framework; explicitFileType = undefined; includeInIndex = 0; };
		267029E7048440A5B93F54BE /* ChromeSocketsTcp.m */ = {isa = PBXFileReference; name = "ChromeSocketsTcp.m"; path = "cordova-plugin-chrome-apps-sockets-tcp/ChromeSocketsTcp.m"; sourceTree = "<group>"; fileEncoding = 4; lastKnownFileType = sourcecode.c.objc; explicitFileType = undefined; includeInIndex = 0; };
		B309AE1010534F15878BF12B /* ChromeSocketsTcp.h */ = {isa = PBXFileReference; name = "ChromeSocketsTcp.h"; path = "cordova-plugin-chrome-apps-sockets-tcp/ChromeSocketsTcp.h"; sourceTree = "<group>"; fileEncoding = 4; lastKnownFileType = sourcecode.c.h; explicitFileType = undefined; includeInIndex = 0; };
		F58BDD11F1A74B898C1C5A35 /* ChromeSocketsTcpServer.m */ = {isa = PBXFileReference; name = "ChromeSocketsTcpServer.m"; path = "cordova-plugin-chrome-apps-sockets-tcpserver/ChromeSocketsTcpServer.m"; sourceTree = "<group>"; fileEncoding = 4; lastKnownFileType = sourcecode.c.objc; explicitFileType = undefined; includeInIndex = 0; };
		B0833B4411EB46DA9062C0CF /* ChromeSocketsUdp.m */ = {isa = PBXFileReference; name = "ChromeSocketsUdp.m"; path = "cordova-plugin-chrome-apps-sockets-udp/ChromeSocketsUdp.m"; sourceTree = "<group>"; fileEncoding = 4; lastKnownFileType = sourcecode.c.objc; explicitFileType = undefined; includeInIndex = 0; };
		BCA3E70C0EBC4F69A471F076 /* ChromeSystemNetwork.m */ = {isa = PBXFileReference; name = "ChromeSystemNetwork.m"; path = "cordova-plugin-chrome-apps-system-network/ChromeSystemNetwork.m"; sourceTree = "<group>"; fileEncoding = 4; lastKnownFileType = sourcecode.c.objc; explicitFileType = undefined; includeInIndex = 0; };
		39179E04C53644488832B9AE /* CDVDevice.m */ = {isa = PBXFileReference; name = "CDVDevice.m"; path = "cordova-plugin-device/CDVDevice.m"; sourceTree = "<group>"; fileEncoding = 4; lastKnownFileType = sourcecode.c.objc; explicitFileType = undefined; includeInIndex = 0; };
		C6C99B7700B848E99D3745DA /* CDVDevice.h */ = {isa = PBXFileReference; name = "CDVDevice.h"; path = "cordova-plugin-device/CDVDevice.h"; sourceTree = "<group>"; fileEncoding = 4; lastKnownFileType = sourcecode.c.h; explicitFileType = undefined; includeInIndex = 0; };
		F90647ECD4D044A08FA473AA /* libz.tbd */ = {isa = PBXFileReference; name = "libz.tbd"; path = "usr/lib/libz.tbd"; sourceTree = SDKROOT; fileEncoding = undefined; lastKnownFileType = sourcecode.text-based-dylib-definition; explicitFileType = undefined; includeInIndex = 0; };
		5D0F2E0B7C544B2C83583221 /* CDVAccelerometer.m */ = {isa = PBXFileReference; name = "CDVAccelerometer.m"; path = "cordova-plugin-device-motion/CDVAccelerometer.m"; sourceTree = "<group>"; fileEncoding = 4; lastKnownFileType = sourcecode.c.objc; explicitFileType = undefined; includeInIndex = 0; };
		BD4733CA98D64AC896BAE0DB /* CDVAccelerometer.h */ = {isa = PBXFileReference; name = "CDVAccelerometer.h"; path = "cordova-plugin-device-motion/CDVAccelerometer.h"; sourceTree = "<group>"; fileEncoding = 4; lastKnownFileType = sourcecode.c.h; explicitFileType = undefined; includeInIndex = 0; };
		1F72FF1A155A4EB99ACB11B0 /* CoreMotion.framework */ = {isa = PBXFileReference; name = "CoreMotion.framework"; path = "System/Library/Frameworks/CoreMotion.framework"; sourceTree = SDKROOT; fileEncoding = undefined; lastKnownFileType = wrapper.framework; explicitFileType = undefined; includeInIndex = 0; };
		839DA75F8F66409B8CD51416 /* CDVCompass.m */ = {isa = PBXFileReference; name = "CDVCompass.m"; path = "cordova-plugin-device-orientation/CDVCompass.m"; sourceTree = "<group>"; fileEncoding = 4; lastKnownFileType = sourcecode.c.objc; explicitFileType = undefined; includeInIndex = 0; };
		076A4AF75EC9404EBC5896F6 /* CDVCompass.h */ = {isa = PBXFileReference; name = "CDVCompass.h"; path = "cordova-plugin-device-orientation/CDVCompass.h"; sourceTree = "<group>"; fileEncoding = 4; lastKnownFileType = sourcecode.c.h; explicitFileType = undefined; includeInIndex = 0; };
		0AB6119E8870424E9664A97D /* CDVNotification.m */ = {isa = PBXFileReference; name = "CDVNotification.m"; path = "cordova-plugin-dialogs/CDVNotification.m"; sourceTree = "<group>"; fileEncoding = 4; lastKnownFileType = sourcecode.c.objc; explicitFileType = undefined; includeInIndex = 0; };
		761FB9DE62654B91A961886A /* CDVNotification.h */ = {isa = PBXFileReference; name = "CDVNotification.h"; path = "cordova-plugin-dialogs/CDVNotification.h"; sourceTree = "<group>"; fileEncoding = 4; lastKnownFileType = sourcecode.c.h; explicitFileType = undefined; includeInIndex = 0; };
		9D4A87EC1BE34495975170AB /* CDVNotification.bundle */ = {isa = PBXFileReference; name = "CDVNotification.bundle"; path = "CDVNotification.bundle"; sourceTree = "<group>"; fileEncoding = undefined; lastKnownFileType = wrapper.plug-in; explicitFileType = undefined; includeInIndex = 0; };
		BB2F651BDAA5488581CFB8A1 /* AudioToolbox.framework */ = {isa = PBXFileReference; name = "AudioToolbox.framework"; path = "System/Library/Frameworks/AudioToolbox.framework"; sourceTree = SDKROOT; fileEncoding = undefined; lastKnownFileType = wrapper.framework; explicitFileType = undefined; includeInIndex = 0; };
		396C53DAB611478A89C5214F /* CDVFile.m */ = {isa = PBXFileReference; name = "CDVFile.m"; path = "cordova-plugin-file/CDVFile.m"; sourceTree = "<group>"; fileEncoding = 4; lastKnownFileType = sourcecode.c.objc; explicitFileType = undefined; includeInIndex = 0; };
		F2D729CE0F9F4BEEA658E9A0 /* CDVLocalFilesystem.m */ = {isa = PBXFileReference; name = "CDVLocalFilesystem.m"; path = "cordova-plugin-file/CDVLocalFilesystem.m"; sourceTree = "<group>"; fileEncoding = 4; lastKnownFileType = sourcecode.c.objc; explicitFileType = undefined; includeInIndex = 0; };
		FBE8E9C59EB842AF9148D6EE /* CDVAssetLibraryFilesystem.m */ = {isa = PBXFileReference; name = "CDVAssetLibraryFilesystem.m"; path = "cordova-plugin-file/CDVAssetLibraryFilesystem.m"; sourceTree = "<group>"; fileEncoding = 4; lastKnownFileType = sourcecode.c.objc; explicitFileType = undefined; includeInIndex = 0; };
		9E114F369C9E44B6B3E1E593 /* CDVFile.h */ = {isa = PBXFileReference; name = "CDVFile.h"; path = "cordova-plugin-file/CDVFile.h"; sourceTree = "<group>"; fileEncoding = 4; lastKnownFileType = sourcecode.c.h; explicitFileType = undefined; includeInIndex = 0; };
		4E258FC315FC47548D2173E0 /* CDVLocalFilesystem.h */ = {isa = PBXFileReference; name = "CDVLocalFilesystem.h"; path = "cordova-plugin-file/CDVLocalFilesystem.h"; sourceTree = "<group>"; fileEncoding = 4; lastKnownFileType = sourcecode.c.h; explicitFileType = undefined; includeInIndex = 0; };
		1162374C56454A14A360FEBD /* CDVAssetLibraryFilesystem.h */ = {isa = PBXFileReference; name = "CDVAssetLibraryFilesystem.h"; path = "cordova-plugin-file/CDVAssetLibraryFilesystem.h"; sourceTree = "<group>"; fileEncoding = 4; lastKnownFileType = sourcecode.c.h; explicitFileType = undefined; includeInIndex = 0; };
		26D51D9848D840B496953D2A /* CDVLocation.m */ = {isa = PBXFileReference; name = "CDVLocation.m"; path = "cordova-plugin-geolocation/CDVLocation.m"; sourceTree = "<group>"; fileEncoding = 4; lastKnownFileType = sourcecode.c.objc; explicitFileType = undefined; includeInIndex = 0; };
		96B5E2132B85401391C562C3 /* CDVLocation.h */ = {isa = PBXFileReference; name = "CDVLocation.h"; path = "cordova-plugin-geolocation/CDVLocation.h"; sourceTree = "<group>"; fileEncoding = 4; lastKnownFileType = sourcecode.c.h; explicitFileType = undefined; includeInIndex = 0; };
		FCEB9537796240BF9EE1E033 /* CDVInAppBrowser.m */ = {isa = PBXFileReference; name = "CDVInAppBrowser.m"; path = "cordova-plugin-inappbrowser/CDVInAppBrowser.m"; sourceTree = "<group>"; fileEncoding = 4; lastKnownFileType = sourcecode.c.objc; explicitFileType = undefined; includeInIndex = 0; };
		B8D2696B313A49E79C9FD88F /* CDVInAppBrowser.h */ = {isa = PBXFileReference; name = "CDVInAppBrowser.h"; path = "cordova-plugin-inappbrowser/CDVInAppBrowser.h"; sourceTree = "<group>"; fileEncoding = 4; lastKnownFileType = sourcecode.c.h; explicitFileType = undefined; includeInIndex = 0; };
		8DBC0BC6228A461A83EB4A49 /* CDVConnection.m */ = {isa = PBXFileReference; name = "CDVConnection.m"; path = "cordova-plugin-network-information/CDVConnection.m"; sourceTree = "<group>"; fileEncoding = 4; lastKnownFileType = sourcecode.c.objc; explicitFileType = undefined; includeInIndex = 0; };
		F380A026B8CE48CAB4EC8AF2 /* CDVReachability.m */ = {isa = PBXFileReference; name = "CDVReachability.m"; path = "cordova-plugin-network-information/CDVReachability.m"; sourceTree = "<group>"; fileEncoding = 4; lastKnownFileType = sourcecode.c.objc; explicitFileType = undefined; includeInIndex = 0; };
		01604D8798854AE9BEF348CA /* CDVConnection.h */ = {isa = PBXFileReference; name = "CDVConnection.h"; path = "cordova-plugin-network-information/CDVConnection.h"; sourceTree = "<group>"; fileEncoding = 4; lastKnownFileType = sourcecode.c.h; explicitFileType = undefined; includeInIndex = 0; };
		16F3BA40692F49DFA6696006 /* CDVReachability.h */ = {isa = PBXFileReference; name = "CDVReachability.h"; path = "cordova-plugin-network-information/CDVReachability.h"; sourceTree = "<group>"; fileEncoding = 4; lastKnownFileType = sourcecode.c.h; explicitFileType = undefined; includeInIndex = 0; };
		6CBD4CCAE4B349BCBDA718B6 /* SystemConfiguration.framework */ = {isa = PBXFileReference; name = "SystemConfiguration.framework"; path = "System/Library/Frameworks/SystemConfiguration.framework"; sourceTree = SDKROOT; fileEncoding = undefined; lastKnownFileType = wrapper.framework; explicitFileType = undefined; includeInIndex = 0; };
		EA2F3F4835454C6EAC42CE15 /* CoreTelephony.framework */ = {isa = PBXFileReference; name = "CoreTelephony.framework"; path = "System/Library/Frameworks/CoreTelephony.framework"; sourceTree = SDKROOT; fileEncoding = undefined; lastKnownFileType = wrapper.framework; explicitFileType = undefined; includeInIndex = 0; };
		9FDEB37661854C99A1C8E957 /* CDVStatusBar.m */ = {isa = PBXFileReference; name = "CDVStatusBar.m"; path = "cordova-plugin-statusbar/CDVStatusBar.m"; sourceTree = "<group>"; fileEncoding = 4; lastKnownFileType = sourcecode.c.objc; explicitFileType = undefined; includeInIndex = 0; };
		755C722E8EC542F1A4DFA2F3 /* CDVStatusBar.h */ = {isa = PBXFileReference; name = "CDVStatusBar.h"; path = "cordova-plugin-statusbar/CDVStatusBar.h"; sourceTree = "<group>"; fileEncoding = 4; lastKnownFileType = sourcecode.c.h; explicitFileType = undefined; includeInIndex = 0; };
		24927480AE0F47D7B6074850 /* CDVVibration.m */ = {isa = PBXFileReference; name = "CDVVibration.m"; path = "cordova-plugin-vibration/CDVVibration.m"; sourceTree = "<group>"; fileEncoding = 4; lastKnownFileType = sourcecode.c.objc; explicitFileType = undefined; includeInIndex = 0; };
		B45251E9599B499ABA7F7F74 /* CDVVibration.h */ = {isa = PBXFileReference; name = "CDVVibration.h"; path = "cordova-plugin-vibration/CDVVibration.h"; sourceTree = "<group>"; fileEncoding = 4; lastKnownFileType = sourcecode.c.h; explicitFileType = undefined; includeInIndex = 0; };
/* End PBXFileReference section */

/* Begin PBXFrameworksBuildPhase section */
		1D60588F0D05DD3D006BFB54 /* Frameworks */ = {
			isa = PBXFrameworksBuildPhase;
			buildActionMask = 2147483647;
			files = (
				301BF552109A68D80062928A /* libCordova.a in Frameworks */,
				2C04939688384740B4F5A77A /* CoreBluetooth.framework in Frameworks */,
				9607B9175098444183F88CD4 /* ImageIO.framework in Frameworks */,
				F78341A82D7F49FC93DC5C1C /* CoreLocation.framework in Frameworks */,
				07EB48D0CDEB443BBAFDCE34 /* AVFoundation.framework in Frameworks */,
				DDF7C1229CFD416CB51BA25E /* Security.framework in Frameworks */,
				6E4CFA9D178F489CB26DD559 /* CFNetwork.framework in Frameworks */,
				E09019E808084153B5331B8E /* libz.tbd in Frameworks */,
				EF30350D4D0A4B5BB6FA9AA9 /* CoreMotion.framework in Frameworks */,
				3F7A736D29FC4967B5F98BD4 /* AudioToolbox.framework in Frameworks */,
				81433B42441A4B589853BCE6 /* SystemConfiguration.framework in Frameworks */,
				5B54ED948BBD40B5A347EE62 /* CoreTelephony.framework in Frameworks */,
			);
			runOnlyForDeploymentPostprocessing = 0;
		};
/* End PBXFrameworksBuildPhase section */

/* Begin PBXGroup section */
		080E96DDFE201D6D7F000001 /* Classes */ = {
			isa = PBXGroup;
			children = (
				302D95EE14D2391D003F00A1 /* MainViewController.h */,
				302D95EF14D2391D003F00A1 /* MainViewController.m */,
				302D95F014D2391D003F00A1 /* MainViewController.xib */,
				1D3623240D0F684500981E51 /* AppDelegate.h */,
				1D3623250D0F684500981E51 /* AppDelegate.m */,
			);
			name = Classes;
			path = "ohakdev/Classes";
			sourceTree = SOURCE_ROOT;
		};
		19C28FACFE9D520D11CA2CBB /* Products */ = {
			isa = PBXGroup;
			children = (
				1D6058910D05DD3D006BFB54 /* ohakdev.app */,
			);
			name = Products;
			sourceTree = "<group>";
		};
		29B97314FDCFA39411CA2CEA /* CustomTemplate */ = {
			isa = PBXGroup;
			children = (
				EB87FDF41871DAF40020F90C /* config.xml */,
				EB87FDF31871DA8E0020F90C /* www */,
				EB87FDF11871DA420020F90C /* Staging */,
				301BF52D109A57CC0062928A /* CordovaLib.xcodeproj */,
				080E96DDFE201D6D7F000001 /* Classes */,
				307C750510C5A3420062BCA9 /* Plugins */,
				29B97315FDCFA39411CA2CEA /* Other Sources */,
				29B97317FDCFA39411CA2CEA /* Resources */,
				29B97323FDCFA39411CA2CEA /* Frameworks */,
				19C28FACFE9D520D11CA2CBB /* Products */,
			);
			name = CustomTemplate;
			sourceTree = "<group>";
		};
		29B97315FDCFA39411CA2CEA /* Other Sources */ = {
			isa = PBXGroup;
			children = (
				32CA4F630368D1EE00C91783 /* ohakdev-Prefix.pch */,
				29B97316FDCFA39411CA2CEA /* main.m */,
				ED33DF2A687741AEAF9F8254 /* Bridging-Header.h */,
			);
			name = "Other Sources";
			path = "ohakdev";
			sourceTree = "<group>";
		};
		29B97317FDCFA39411CA2CEA /* Resources */ = {
			isa = PBXGroup;
			children = (
				0207DA571B56EA530066E2B4 /* Images.xcassets */,
				3047A50E1AB8057F00498E2A /* config */,
				8D1107310486CEB800E47090 /* ohakdev-Info.plist */,
				6AFF5BF81D6E424B00AB3073 /* CDVLaunchScreen.storyboard */,
				9D4A87EC1BE34495975170AB /* CDVNotification.bundle */,
			);
			name = Resources;
			path = "ohakdev/Resources";
			sourceTree = "<group>";
		};
		29B97323FDCFA39411CA2CEA /* Frameworks */ = {
			isa = PBXGroup;
			children = (
				9106A846957F4459A9FC07AA /* CoreBluetooth.framework */,
				53A41A0050494987A30BDDB9 /* ImageIO.framework */,
				3C11C244C77C41EF874284F3 /* CoreLocation.framework */,
				724AB9FBF17B4CB08865E1AA /* AVFoundation.framework */,
				A27307D413F143BD814E28CC /* Security.framework */,
				ECB82E091BD249B8B1262B8C /* CFNetwork.framework */,
				F90647ECD4D044A08FA473AA /* libz.tbd */,
				1F72FF1A155A4EB99ACB11B0 /* CoreMotion.framework */,
				BB2F651BDAA5488581CFB8A1 /* AudioToolbox.framework */,
				6CBD4CCAE4B349BCBDA718B6 /* SystemConfiguration.framework */,
				EA2F3F4835454C6EAC42CE15 /* CoreTelephony.framework */,
			);
			name = Frameworks;
			sourceTree = "<group>";
		};
		301BF52E109A57CC0062928A /* Products */ = {
			isa = PBXGroup;
			children = (
				301BF535109A57CC0062928A /* libCordova.a */,
				907D8124214C687600058A10 /* Cordova.framework */,
			);
			name = Products;
			sourceTree = "<group>";
		};
		3047A50E1AB8057F00498E2A /* config */ = {
			isa = PBXGroup;
			children = (
				3047A50F1AB8059700498E2A /* build-debug.xcconfig */,
				3047A5101AB8059700498E2A /* build-release.xcconfig */,
				3047A5111AB8059700498E2A /* build.xcconfig */,
			);
			name = config;
			sourceTree = "<group>";
		};
		307C750510C5A3420062BCA9 /* Plugins */ = {
			isa = PBXGroup;
			children = (
				B1FA5A820EC54363BCAF3300 /* CDVBattery.m */,
				A871479B5F5347D68262CB32 /* CDVBattery.h */,
				E8AB391EBB7C4A1AB212104E /* EVOBLE.m */,
				04B26062D503422FAA68663F /* EVOBLE.h */,
				7DF541F3046342ADB0321E9E /* UIImage+CropScaleOrientation.m */,
				21B35783666141ACA145B6BF /* CDVCamera.m */,
				05E9A854DDB545D3BB69F5DF /* CDVJpegHeaderWriter.m */,
				2BDD68BDE153428DBD668E0C /* UIImage+CropScaleOrientation.h */,
				6BEE27C704C9405DB800E18B /* CDVCamera.h */,
				F9E30BEF7F224AD78E09D78D /* CDVJpegHeaderWriter.h */,
				44C9569CC0D9423991C5B630 /* CDVExif.h */,
				263E347A96A747DBA499798C /* GCDAsyncSocket.m */,
				573D35E779FE4BA786EC1F6C /* GCDAsyncUdpSocket.m */,
				9D28A22DE2084EF0BE811732 /* GCDAsyncSocket.h */,
				D0835796A77E4F148977A942 /* GCDAsyncUdpSocket.h */,
				267029E7048440A5B93F54BE /* ChromeSocketsTcp.m */,
				B309AE1010534F15878BF12B /* ChromeSocketsTcp.h */,
				F58BDD11F1A74B898C1C5A35 /* ChromeSocketsTcpServer.m */,
				B0833B4411EB46DA9062C0CF /* ChromeSocketsUdp.m */,
				BCA3E70C0EBC4F69A471F076 /* ChromeSystemNetwork.m */,
				39179E04C53644488832B9AE /* CDVDevice.m */,
				C6C99B7700B848E99D3745DA /* CDVDevice.h */,
				5D0F2E0B7C544B2C83583221 /* CDVAccelerometer.m */,
				BD4733CA98D64AC896BAE0DB /* CDVAccelerometer.h */,
				839DA75F8F66409B8CD51416 /* CDVCompass.m */,
				076A4AF75EC9404EBC5896F6 /* CDVCompass.h */,
				0AB6119E8870424E9664A97D /* CDVNotification.m */,
				761FB9DE62654B91A961886A /* CDVNotification.h */,
				396C53DAB611478A89C5214F /* CDVFile.m */,
				F2D729CE0F9F4BEEA658E9A0 /* CDVLocalFilesystem.m */,
				FBE8E9C59EB842AF9148D6EE /* CDVAssetLibraryFilesystem.m */,
				9E114F369C9E44B6B3E1E593 /* CDVFile.h */,
				4E258FC315FC47548D2173E0 /* CDVLocalFilesystem.h */,
				1162374C56454A14A360FEBD /* CDVAssetLibraryFilesystem.h */,
				26D51D9848D840B496953D2A /* CDVLocation.m */,
				96B5E2132B85401391C562C3 /* CDVLocation.h */,
				FCEB9537796240BF9EE1E033 /* CDVInAppBrowser.m */,
				B8D2696B313A49E79C9FD88F /* CDVInAppBrowser.h */,
				8DBC0BC6228A461A83EB4A49 /* CDVConnection.m */,
				F380A026B8CE48CAB4EC8AF2 /* CDVReachability.m */,
				01604D8798854AE9BEF348CA /* CDVConnection.h */,
				16F3BA40692F49DFA6696006 /* CDVReachability.h */,
				9FDEB37661854C99A1C8E957 /* CDVStatusBar.m */,
				755C722E8EC542F1A4DFA2F3 /* CDVStatusBar.h */,
				24927480AE0F47D7B6074850 /* CDVVibration.m */,
				B45251E9599B499ABA7F7F74 /* CDVVibration.h */,
			);
			name = Plugins;
			path = "ohakdev/Plugins";
			sourceTree = SOURCE_ROOT;
		};
		EB87FDF11871DA420020F90C /* Staging */ = {
			isa = PBXGroup;
			children = (
				F840E1F0165FE0F500CFE078 /* config.xml */,
				301BF56E109A69640062928A /* www */,
			);
			name = Staging;
			sourceTree = "<group>";
		};
/* End PBXGroup section */

/* Begin PBXNativeTarget section */
		1D6058900D05DD3D006BFB54 /* ohakdev */ = {
			isa = PBXNativeTarget;
			buildConfigurationList = 1D6058960D05DD3E006BFB54 /* Build configuration list for PBXNativeTarget "ohakdev" */;
			buildPhases = (
				304B58A110DAC018002A0835 /* Copy www directory */,
				1D60588D0D05DD3D006BFB54 /* Resources */,
				1D60588E0D05DD3D006BFB54 /* Sources */,
				1D60588F0D05DD3D006BFB54 /* Frameworks */,
			);
			buildRules = (
			);
			dependencies = (
				301BF551109A68C00062928A /* PBXTargetDependency */,
			);
			name = "ohakdev";
			productName = "ohakdev";
			productReference = 1D6058910D05DD3D006BFB54 /* ohakdev.app */;
			productType = "com.apple.product-type.application";
		};
/* End PBXNativeTarget section */

/* Begin PBXProject section */
		29B97313FDCFA39411CA2CEA /* Project object */ = {
			isa = PBXProject;
			attributes = {
				LastUpgradeCheck = 510;
				TargetAttributes = {
					1D6058900D05DD3D006BFB54 = {
						ProvisioningStyle = Automatic;
					};
				};
			};
			buildConfigurationList = C01FCF4E08A954540054247B /* Build configuration list for PBXProject "ohakdev" */;
			compatibilityVersion = "Xcode 3.2";
			developmentRegion = English;
			hasScannedForEncodings = 1;
			mainGroup = 29B97314FDCFA39411CA2CEA /* CustomTemplate */;
			projectDirPath = "";
			projectReferences = (
				{
					ProductGroup = 301BF52E109A57CC0062928A /* Products */;
					ProjectRef = 301BF52D109A57CC0062928A /* CordovaLib.xcodeproj */;
				},
			);
			projectRoot = "";
			targets = (
				1D6058900D05DD3D006BFB54 /* ohakdev */,
			);
		};
/* End PBXProject section */

/* Begin PBXReferenceProxy section */
		301BF535109A57CC0062928A /* libCordova.a */ = {
			isa = PBXReferenceProxy;
			fileType = archive.ar;
			path = libCordova.a;
			remoteRef = 301BF534109A57CC0062928A /* PBXContainerItemProxy */;
			sourceTree = BUILT_PRODUCTS_DIR;
		};
		907D8124214C687600058A10 /* Cordova.framework */ = {
			isa = PBXReferenceProxy;
			fileType = wrapper.framework;
			path = Cordova.framework;
			remoteRef = 907D8123214C687600058A10 /* PBXContainerItemProxy */;
			sourceTree = BUILT_PRODUCTS_DIR;
		};
/* End PBXReferenceProxy section */

/* Begin PBXResourcesBuildPhase section */
		1D60588D0D05DD3D006BFB54 /* Resources */ = {
			isa = PBXResourcesBuildPhase;
			buildActionMask = 2147483647;
			files = (
				302D95F214D2391D003F00A1 /* MainViewController.xib in Resources */,
				0207DA581B56EA530066E2B4 /* Images.xcassets in Resources */,
				6AFF5BF91D6E424B00AB3073 /* CDVLaunchScreen.storyboard in Resources */,
				A7F9B3F0E1C546EC83555567 /* CDVNotification.bundle in Resources */,
			);
			runOnlyForDeploymentPostprocessing = 0;
		};
/* End PBXResourcesBuildPhase section */

/* Begin PBXShellScriptBuildPhase section */
		304B58A110DAC018002A0835 /* Copy www directory */ = {
			isa = PBXShellScriptBuildPhase;
			buildActionMask = 2147483647;
			files = (
			);
			inputPaths = (
			);
			name = "Copy www directory";
			outputPaths = (
			);
			runOnlyForDeploymentPostprocessing = 0;
			shellPath = /bin/sh;
			shellScript = "\"$SRCROOT/ohakdev/Scripts/copy-www-build-step.sh\"";
			showEnvVarsInLog = 0;
		};
/* End PBXShellScriptBuildPhase section */

/* Begin PBXSourcesBuildPhase section */
		1D60588E0D05DD3D006BFB54 /* Sources */ = {
			isa = PBXSourcesBuildPhase;
			buildActionMask = 2147483647;
			files = (
				1D60589B0D05DD56006BFB54 /* main.m in Sources */,
				1D3623260D0F684500981E51 /* AppDelegate.m in Sources */,
				302D95F114D2391D003F00A1 /* MainViewController.m in Sources */,
				E591C32B57BC4BDE8AF0825E /* CDVBattery.m in Sources */,
				35F1DFED791349C19EDB461B /* EVOBLE.m in Sources */,
				1642892993DF430BA0D95276 /* UIImage+CropScaleOrientation.m in Sources */,
				FD9C93054CA64965B46F61FD /* CDVCamera.m in Sources */,
				9B579D2EA1EE44B98AA16402 /* CDVJpegHeaderWriter.m in Sources */,
				CF36AE9FA20943779F140D16 /* GCDAsyncSocket.m in Sources */,
				14B7D425931D4900872C8142 /* GCDAsyncUdpSocket.m in Sources */,
				D9F28BBF20AE4C47B187ADD2 /* ChromeSocketsTcp.m in Sources */,
				7BF73D55EF3A4762BB680DD7 /* ChromeSocketsTcpServer.m in Sources */,
				9DD6CB3BFDB64031B945CEAC /* ChromeSocketsUdp.m in Sources */,
				F2A3D28F59C84A1B9F68271D /* ChromeSystemNetwork.m in Sources */,
				F724D24BE2B343598E4C9462 /* CDVDevice.m in Sources */,
				2B13FC5A517C467799602296 /* CDVAccelerometer.m in Sources */,
				29C6ADFF9B95491F85337788 /* CDVCompass.m in Sources */,
				61FE5674603F4428B795FD80 /* CDVNotification.m in Sources */,
				2C6B369736994FDC9AF584B9 /* CDVFile.m in Sources */,
				46821E0505DE4EBE979D21B6 /* CDVLocalFilesystem.m in Sources */,
				AD74019888B04154A1A23510 /* CDVAssetLibraryFilesystem.m in Sources */,
				F1F4A43CE1B5426DA459C9CD /* CDVLocation.m in Sources */,
				1A6E6C7F0B0749509496A2A4 /* CDVInAppBrowser.m in Sources */,
				442C3B1DBFB64F8F9E0572DA /* CDVConnection.m in Sources */,
				3E7020C63DF045EE80540D06 /* CDVReachability.m in Sources */,
				92B2AA0AE2E24B98968F5D68 /* CDVStatusBar.m in Sources */,
				35945303376749A28AE75E64 /* CDVVibration.m in Sources */,
			);
			runOnlyForDeploymentPostprocessing = 0;
		};
/* End PBXSourcesBuildPhase section */

/* Begin PBXTargetDependency section */
		301BF551109A68C00062928A /* PBXTargetDependency */ = {
			isa = PBXTargetDependency;
			name = CordovaLib;
			targetProxy = 301BF550109A68C00062928A /* PBXContainerItemProxy */;
		};
/* End PBXTargetDependency section */

/* Begin XCBuildConfiguration section */
		1D6058940D05DD3E006BFB54 /* Debug */ = {
			isa = XCBuildConfiguration;
			baseConfigurationReference = 3047A50F1AB8059700498E2A /* build-debug.xcconfig */;
			buildSettings = {
				ALWAYS_SEARCH_USER_PATHS = NO;
				ASSETCATALOG_COMPILER_APPICON_NAME = AppIcon;
				ASSETCATALOG_COMPILER_LAUNCHIMAGE_NAME = LaunchImage;
				CLANG_ENABLE_MODULES = YES;
				CLANG_ENABLE_OBJC_ARC = YES;
				COPY_PHASE_STRIP = NO;
				GCC_DYNAMIC_NO_PIC = NO;
				GCC_OPTIMIZATION_LEVEL = 0;
				GCC_PRECOMPILE_PREFIX_HEADER = YES;
				GCC_PREFIX_HEADER = "ohakdev/ohakdev-Prefix.pch";
				GCC_THUMB_SUPPORT = NO;
				GCC_VERSION = "";
				INFOPLIST_FILE = "ohakdev/ohakdev-Info.plist";
				IPHONEOS_DEPLOYMENT_TARGET = 10.0;
				LD_RUNPATH_SEARCH_PATHS = "@executable_path/Frameworks";
				PRODUCT_BUNDLE_IDENTIFIER = com.openhak.devapp;
				PRODUCT_NAME = "$(TARGET_NAME)";
				TARGETED_DEVICE_FAMILY = "1,2";
			};
			name = Debug;
		};
		1D6058950D05DD3E006BFB54 /* Release */ = {
			isa = XCBuildConfiguration;
			baseConfigurationReference = 3047A5101AB8059700498E2A /* build-release.xcconfig */;
			buildSettings = {
				ALWAYS_SEARCH_USER_PATHS = NO;
				ASSETCATALOG_COMPILER_APPICON_NAME = AppIcon;
				ASSETCATALOG_COMPILER_LAUNCHIMAGE_NAME = LaunchImage;
				CLANG_ENABLE_MODULES = YES;
				CLANG_ENABLE_OBJC_ARC = YES;
				COPY_PHASE_STRIP = YES;
				GCC_PRECOMPILE_PREFIX_HEADER = YES;
				GCC_PREFIX_HEADER = "ohakdev/ohakdev-Prefix.pch";
				GCC_THUMB_SUPPORT = NO;
				GCC_VERSION = "";
				INFOPLIST_FILE = "ohakdev/ohakdev-Info.plist";
				IPHONEOS_DEPLOYMENT_TARGET = 10.0;
				LD_RUNPATH_SEARCH_PATHS = "@executable_path/Frameworks";
				PRODUCT_BUNDLE_IDENTIFIER = com.openhak.devapp;
				PRODUCT_NAME = "$(TARGET_NAME)";
				TARGETED_DEVICE_FAMILY = "1,2";
			};
			name = Release;
		};
		C01FCF4F08A954540054247B /* Debug */ = {
			isa = XCBuildConfiguration;
			baseConfigurationReference = 3047A5111AB8059700498E2A /* build.xcconfig */;
			buildSettings = {
				CLANG_ENABLE_MODULES = YES;
				CLANG_ENABLE_OBJC_ARC = YES;
				CLANG_WARN_BLOCK_CAPTURE_AUTORELEASING = YES;
				CLANG_WARN_BOOL_CONVERSION = YES;
				CLANG_WARN_COMMA = YES;
				CLANG_WARN_CONSTANT_CONVERSION = YES;
				CLANG_WARN_DEPRECATED_OBJC_IMPLEMENTATIONS = YES;
				CLANG_WARN_EMPTY_BODY = YES;
				CLANG_WARN_ENUM_CONVERSION = YES;
				CLANG_WARN_INFINITE_RECURSION = YES;
				CLANG_WARN_INT_CONVERSION = YES;
				CLANG_WARN_NON_LITERAL_NULL_CONVERSION = YES;
				CLANG_WARN_OBJC_IMPLICIT_RETAIN_SELF = YES;
				CLANG_WARN_OBJC_LITERAL_CONVERSION = YES;
				CLANG_WARN_RANGE_LOOP_ANALYSIS = YES;
				CLANG_WARN_STRICT_PROTOTYPES = YES;
				CLANG_WARN_SUSPICIOUS_MOVE = YES;
				CLANG_WARN_UNREACHABLE_CODE = YES;
				CLANG_WARN__DUPLICATE_METHOD_MATCH = YES;
				ENABLE_STRICT_OBJC_MSGSEND = YES;
				ENABLE_TESTABILITY = YES;
				GCC_C_LANGUAGE_STANDARD = c99;
				GCC_NO_COMMON_BLOCKS = YES;
				GCC_THUMB_SUPPORT = NO;
				GCC_VERSION = "";
				GCC_WARN_64_TO_32_BIT_CONVERSION = YES;
				GCC_WARN_ABOUT_RETURN_TYPE = YES;
				GCC_WARN_UNDECLARED_SELECTOR = YES;
				GCC_WARN_UNINITIALIZED_AUTOS = YES;
				GCC_WARN_UNUSED_FUNCTION = YES;
				GCC_WARN_UNUSED_VARIABLE = YES;
				ONLY_ACTIVE_ARCH = YES;
				SDKROOT = iphoneos;
				SKIP_INSTALL = NO;
				PRODUCT_BUNDLE_IDENTIFIER = com.openhak.devapp;
			};
			name = Debug;
		};
		C01FCF5008A954540054247B /* Release */ = {
			isa = XCBuildConfiguration;
			baseConfigurationReference = 3047A5111AB8059700498E2A /* build.xcconfig */;
			buildSettings = {
				CLANG_ENABLE_MODULES = YES;
				CLANG_ENABLE_OBJC_ARC = YES;
				CLANG_WARN_BLOCK_CAPTURE_AUTORELEASING = YES;
				CLANG_WARN_BOOL_CONVERSION = YES;
				CLANG_WARN_COMMA = YES;
				CLANG_WARN_CONSTANT_CONVERSION = YES;
				CLANG_WARN_DEPRECATED_OBJC_IMPLEMENTATIONS = YES;
				CLANG_WARN_EMPTY_BODY = YES;
				CLANG_WARN_ENUM_CONVERSION = YES;
				CLANG_WARN_INFINITE_RECURSION = YES;
				CLANG_WARN_INT_CONVERSION = YES;
				CLANG_WARN_NON_LITERAL_NULL_CONVERSION = YES;
				CLANG_WARN_OBJC_IMPLICIT_RETAIN_SELF = YES;
				CLANG_WARN_OBJC_LITERAL_CONVERSION = YES;
				CLANG_WARN_RANGE_LOOP_ANALYSIS = YES;
				CLANG_WARN_STRICT_PROTOTYPES = YES;
				CLANG_WARN_SUSPICIOUS_MOVE = YES;
				CLANG_WARN_UNREACHABLE_CODE = YES;
				CLANG_WARN__DUPLICATE_METHOD_MATCH = YES;
				ENABLE_STRICT_OBJC_MSGSEND = YES;
				GCC_C_LANGUAGE_STANDARD = c99;
				GCC_NO_COMMON_BLOCKS = YES;
				GCC_THUMB_SUPPORT = NO;
				GCC_VERSION = "";
				GCC_WARN_64_TO_32_BIT_CONVERSION = YES;
				GCC_WARN_ABOUT_RETURN_TYPE = YES;
				GCC_WARN_UNDECLARED_SELECTOR = YES;
				GCC_WARN_UNINITIALIZED_AUTOS = YES;
				GCC_WARN_UNUSED_FUNCTION = YES;
				GCC_WARN_UNUSED_VARIABLE = YES;
				SDKROOT = iphoneos;
				SKIP_INSTALL = NO;
				PRODUCT_BUNDLE_IDENTIFIER = com.openhak.devapp;
			};
			name = Release;
		};
/* End XCBuildConfiguration section */

/* Begin XCConfigurationList section */
		1D6058960D05DD3E006BFB54 /* Build configuration list for PBXNativeTarget "ohakdev" */ = {
			isa = XCConfigurationList;
			buildConfigurations = (
				1D6058940D05DD3E006BFB54 /* Debug */,
				1D6058950D05DD3E006BFB54 /* Release */,
			);
			defaultConfigurationIsVisible = 0;
			defaultConfigurationName = Release;
		};
		C01FCF4E08A954540054247B /* Build configuration list for PBXProject "ohakdev" */ = {
			isa = XCConfigurationList;
			buildConfigurations = (
				C01FCF4F08A954540054247B /* Debug */,
				C01FCF5008A954540054247B /* Release */,
			);
			defaultConfigurationIsVisible = 0;
			defaultConfigurationName = Release;
		};
/* End XCConfigurationList section */
	};
	rootObject = 29B97313FDCFA39411CA2CEA /* Project object */;
}
